// !$*UTF8*$!
{
	archiveVersion = 1;
	classes = {
	};
	objectVersion = 56;
	objects = {

/* Begin PBXBuildFile section */
		0BB76E8B2A0B9E6C000D9187 /* AppDelegate.swift in Sources */ = {isa = PBXBuildFile; fileRef = 0BB76E8A2A0B9E6C000D9187 /* AppDelegate.swift */; };
		0BB76E8D2A0B9E6C000D9187 /* SceneDelegate.swift in Sources */ = {isa = PBXBuildFile; fileRef = 0BB76E8C2A0B9E6C000D9187 /* SceneDelegate.swift */; };
		0BB76E8F2A0B9E6C000D9187 /* ViewController.swift in Sources */ = {isa = PBXBuildFile; fileRef = 0BB76E8E2A0B9E6C000D9187 /* ViewController.swift */; };
		0BB76E922A0B9E6C000D9187 /* Main.storyboard in Resources */ = {isa = PBXBuildFile; fileRef = 0BB76E902A0B9E6C000D9187 /* Main.storyboard */; };
		0BB76E942A0B9E6D000D9187 /* Assets.xcassets in Resources */ = {isa = PBXBuildFile; fileRef = 0BB76E932A0B9E6D000D9187 /* Assets.xcassets */; };
		0BB76E972A0B9E6D000D9187 /* LaunchScreen.storyboard in Resources */ = {isa = PBXBuildFile; fileRef = 0BB76E952A0B9E6D000D9187 /* LaunchScreen.storyboard */; };
		0BB76EBC2A0B9F0A000D9187 /* BlenderbotTokenizer.swift in Sources */ = {isa = PBXBuildFile; fileRef = 0BB76EBB2A0B9F0A000D9187 /* BlenderbotTokenizer.swift */; };
		0BB76ECB2A0BA673000D9187 /* facebook in Resources */ = {isa = PBXBuildFile; fileRef = 0BB76ECA2A0BA673000D9187 /* facebook */; };
		0BB76ECD2A0BA68E000D9187 /* Utils.swift in Sources */ = {isa = PBXBuildFile; fileRef = 0BB76ECC2A0BA68E000D9187 /* Utils.swift */; };
		0BB76ED42A0BEDB8000D9187 /* blenderbot-400M-distill.mlpackage in Sources */ = {isa = PBXBuildFile; fileRef = 0BB76ED32A0BEDB8000D9187 /* blenderbot-400M-distill.mlpackage */; };
		0BB76ED62A0BEDEF000D9187 /* BlenderbotTokenizerTests.swift in Sources */ = {isa = PBXBuildFile; fileRef = 0BB76ED52A0BEDEF000D9187 /* BlenderbotTokenizerTests.swift */; };
		0BB76ED82A0BEF22000D9187 /* MLMultiArray+Utils.swift in Sources */ = {isa = PBXBuildFile; fileRef = 0BB76ED72A0BEF22000D9187 /* MLMultiArray+Utils.swift */; };
		0BB76EDA2A0C14D4000D9187 /* Math.swift in Sources */ = {isa = PBXBuildFile; fileRef = 0BB76ED92A0C14D4000D9187 /* Math.swift */; };
		0BB76EE02A0C190C000D9187 /* Distilgpt2Tests.swift in Sources */ = {isa = PBXBuildFile; fileRef = 0BB76EDF2A0C190C000D9187 /* Distilgpt2Tests.swift */; };
		0BB76EE32A0C19B2000D9187 /* distilgpt2.mlpackage in Sources */ = {isa = PBXBuildFile; fileRef = 0BB76EDD2A0C18D9000D9187 /* distilgpt2.mlpackage */; };
		0BB76EE42A0C19B7000D9187 /* DistilGPT2Tokenizer.swift in Sources */ = {isa = PBXBuildFile; fileRef = 0BB76EE12A0C1941000D9187 /* DistilGPT2Tokenizer.swift */; };
		0BB76EE52A0C1A80000D9187 /* distilgpt2 in Resources */ = {isa = PBXBuildFile; fileRef = 0BB76EDB2A0C18D2000D9187 /* distilgpt2 */; };
/* End PBXBuildFile section */

/* Begin PBXContainerItemProxy section */
		0BB76E9E2A0B9E6D000D9187 /* PBXContainerItemProxy */ = {
			isa = PBXContainerItemProxy;
			containerPortal = 0BB76E7F2A0B9E6C000D9187 /* Project object */;
			proxyType = 1;
			remoteGlobalIDString = 0BB76E862A0B9E6C000D9187;
			remoteInfo = "huggingface-ios-app";
		};
/* End PBXContainerItemProxy section */

/* Begin PBXFileReference section */
		0BB76E872A0B9E6C000D9187 /* huggingface-ios-app.app */ = {isa = PBXFileReference; explicitFileType = wrapper.application; includeInIndex = 0; path = "huggingface-ios-app.app"; sourceTree = BUILT_PRODUCTS_DIR; };
		0BB76E8A2A0B9E6C000D9187 /* AppDelegate.swift */ = {isa = PBXFileReference; lastKnownFileType = sourcecode.swift; path = AppDelegate.swift; sourceTree = "<group>"; };
		0BB76E8C2A0B9E6C000D9187 /* SceneDelegate.swift */ = {isa = PBXFileReference; lastKnownFileType = sourcecode.swift; path = SceneDelegate.swift; sourceTree = "<group>"; };
		0BB76E8E2A0B9E6C000D9187 /* ViewController.swift */ = {isa = PBXFileReference; lastKnownFileType = sourcecode.swift; path = ViewController.swift; sourceTree = "<group>"; };
		0BB76E912A0B9E6C000D9187 /* Base */ = {isa = PBXFileReference; lastKnownFileType = file.storyboard; name = Base; path = Base.lproj/Main.storyboard; sourceTree = "<group>"; };
		0BB76E932A0B9E6D000D9187 /* Assets.xcassets */ = {isa = PBXFileReference; lastKnownFileType = folder.assetcatalog; path = Assets.xcassets; sourceTree = "<group>"; };
		0BB76E962A0B9E6D000D9187 /* Base */ = {isa = PBXFileReference; lastKnownFileType = file.storyboard; name = Base; path = Base.lproj/LaunchScreen.storyboard; sourceTree = "<group>"; };
		0BB76E982A0B9E6D000D9187 /* Info.plist */ = {isa = PBXFileReference; lastKnownFileType = text.plist.xml; path = Info.plist; sourceTree = "<group>"; };
		0BB76E9D2A0B9E6D000D9187 /* huggingface-ios-appTests.xctest */ = {isa = PBXFileReference; explicitFileType = wrapper.cfbundle; includeInIndex = 0; path = "huggingface-ios-appTests.xctest"; sourceTree = BUILT_PRODUCTS_DIR; };
		0BB76EBB2A0B9F0A000D9187 /* BlenderbotTokenizer.swift */ = {isa = PBXFileReference; lastKnownFileType = sourcecode.swift; path = BlenderbotTokenizer.swift; sourceTree = "<group>"; };
		0BB76ECA2A0BA673000D9187 /* facebook */ = {isa = PBXFileReference; lastKnownFileType = folder; path = facebook; sourceTree = "<group>"; };
		0BB76ECC2A0BA68E000D9187 /* Utils.swift */ = {isa = PBXFileReference; lastKnownFileType = sourcecode.swift; path = Utils.swift; sourceTree = "<group>"; };
		0BB76ED32A0BEDB8000D9187 /* blenderbot-400M-distill.mlpackage */ = {isa = PBXFileReference; lastKnownFileType = folder.mlpackage; path = "blenderbot-400M-distill.mlpackage"; sourceTree = "<group>"; };
		0BB76ED52A0BEDEF000D9187 /* BlenderbotTokenizerTests.swift */ = {isa = PBXFileReference; fileEncoding = 4; lastKnownFileType = sourcecode.swift; path = BlenderbotTokenizerTests.swift; sourceTree = "<group>"; };
		0BB76ED72A0BEF22000D9187 /* MLMultiArray+Utils.swift */ = {isa = PBXFileReference; fileEncoding = 4; lastKnownFileType = sourcecode.swift; path = "MLMultiArray+Utils.swift"; sourceTree = "<group>"; };
		0BB76ED92A0C14D4000D9187 /* Math.swift */ = {isa = PBXFileReference; fileEncoding = 4; lastKnownFileType = sourcecode.swift; path = Math.swift; sourceTree = "<group>"; };
		0BB76EDB2A0C18D2000D9187 /* distilgpt2 */ = {isa = PBXFileReference; lastKnownFileType = folder; path = distilgpt2; sourceTree = "<group>"; };
		0BB76EDD2A0C18D9000D9187 /* distilgpt2.mlpackage */ = {isa = PBXFileReference; lastKnownFileType = folder.mlpackage; path = distilgpt2.mlpackage; sourceTree = "<group>"; };
		0BB76EDF2A0C190C000D9187 /* Distilgpt2Tests.swift */ = {isa = PBXFileReference; fileEncoding = 4; lastKnownFileType = sourcecode.swift; path = Distilgpt2Tests.swift; sourceTree = "<group>"; };
		0BB76EE12A0C1941000D9187 /* DistilGPT2Tokenizer.swift */ = {isa = PBXFileReference; lastKnownFileType = sourcecode.swift; path = DistilGPT2Tokenizer.swift; sourceTree = "<group>"; };
/* End PBXFileReference section */

/* Begin PBXFrameworksBuildPhase section */
		0BB76E842A0B9E6C000D9187 /* Frameworks */ = {
			isa = PBXFrameworksBuildPhase;
			buildActionMask = 2147483647;
			files = (
			);
			runOnlyForDeploymentPostprocessing = 0;
		};
		0BB76E9A2A0B9E6D000D9187 /* Frameworks */ = {
			isa = PBXFrameworksBuildPhase;
			buildActionMask = 2147483647;
			files = (
			);
			runOnlyForDeploymentPostprocessing = 0;
		};
/* End PBXFrameworksBuildPhase section */

/* Begin PBXGroup section */
		0BB76E7E2A0B9E6C000D9187 = {
			isa = PBXGroup;
			children = (
				0BB76EBD2A0BA40F000D9187 /* Resources */,
				0BB76EBA2A0B9EF1000D9187 /* Sources */,
				0BB76E892A0B9E6C000D9187 /* huggingface-ios-app */,
				0BB76EA02A0B9E6D000D9187 /* huggingface-ios-appTests */,
				0BB76E882A0B9E6C000D9187 /* Products */,
			);
			sourceTree = "<group>";
		};
		0BB76E882A0B9E6C000D9187 /* Products */ = {
			isa = PBXGroup;
			children = (
				0BB76E872A0B9E6C000D9187 /* huggingface-ios-app.app */,
				0BB76E9D2A0B9E6D000D9187 /* huggingface-ios-appTests.xctest */,
			);
			name = Products;
			sourceTree = "<group>";
		};
		0BB76E892A0B9E6C000D9187 /* huggingface-ios-app */ = {
			isa = PBXGroup;
			children = (
				0BB76E8A2A0B9E6C000D9187 /* AppDelegate.swift */,
				0BB76E8C2A0B9E6C000D9187 /* SceneDelegate.swift */,
				0BB76E8E2A0B9E6C000D9187 /* ViewController.swift */,
				0BB76E902A0B9E6C000D9187 /* Main.storyboard */,
				0BB76E932A0B9E6D000D9187 /* Assets.xcassets */,
				0BB76E952A0B9E6D000D9187 /* LaunchScreen.storyboard */,
				0BB76E982A0B9E6D000D9187 /* Info.plist */,
			);
			path = "huggingface-ios-app";
			sourceTree = "<group>";
		};
		0BB76EA02A0B9E6D000D9187 /* huggingface-ios-appTests */ = {
			isa = PBXGroup;
			children = (
				0BB76ED52A0BEDEF000D9187 /* BlenderbotTokenizerTests.swift */,
				0BB76EDF2A0C190C000D9187 /* Distilgpt2Tests.swift */,
			);
			path = "huggingface-ios-appTests";
			sourceTree = "<group>";
		};
		0BB76EBA2A0B9EF1000D9187 /* Sources */ = {
			isa = PBXGroup;
			children = (
				0BB76ED92A0C14D4000D9187 /* Math.swift */,
				0BB76ECC2A0BA68E000D9187 /* Utils.swift */,
				0BB76EBB2A0B9F0A000D9187 /* BlenderbotTokenizer.swift */,
				0BB76ED72A0BEF22000D9187 /* MLMultiArray+Utils.swift */,
				0BB76EE12A0C1941000D9187 /* DistilGPT2Tokenizer.swift */,
			);
			path = Sources;
			sourceTree = "<group>";
		};
		0BB76EBD2A0BA40F000D9187 /* Resources */ = {
			isa = PBXGroup;
			children = (
				0BB76EBE2A0BA424000D9187 /* models */,
			);
			path = Resources;
			sourceTree = "<group>";
		};
		0BB76EBE2A0BA424000D9187 /* models */ = {
			isa = PBXGroup;
			children = (
				0BB76ED32A0BEDB8000D9187 /* blenderbot-400M-distill.mlpackage */,
				0BB76EDD2A0C18D9000D9187 /* distilgpt2.mlpackage */,
				0BB76EDB2A0C18D2000D9187 /* distilgpt2 */,
				0BB76ECA2A0BA673000D9187 /* facebook */,
			);
			path = models;
			sourceTree = "<group>";
		};
/* End PBXGroup section */

/* Begin PBXNativeTarget section */
		0BB76E862A0B9E6C000D9187 /* huggingface-ios-app */ = {
			isa = PBXNativeTarget;
			buildConfigurationList = 0BB76EB12A0B9E6D000D9187 /* Build configuration list for PBXNativeTarget "huggingface-ios-app" */;
			buildPhases = (
				0BB76E832A0B9E6C000D9187 /* Sources */,
				0BB76E842A0B9E6C000D9187 /* Frameworks */,
				0BB76E852A0B9E6C000D9187 /* Resources */,
			);
			buildRules = (
			);
			dependencies = (
			);
			name = "huggingface-ios-app";
			productName = "huggingface-ios-app";
			productReference = 0BB76E872A0B9E6C000D9187 /* huggingface-ios-app.app */;
			productType = "com.apple.product-type.application";
		};
		0BB76E9C2A0B9E6D000D9187 /* huggingface-ios-appTests */ = {
			isa = PBXNativeTarget;
			buildConfigurationList = 0BB76EB42A0B9E6D000D9187 /* Build configuration list for PBXNativeTarget "huggingface-ios-appTests" */;
			buildPhases = (
				0BB76E992A0B9E6D000D9187 /* Sources */,
				0BB76E9A2A0B9E6D000D9187 /* Frameworks */,
				0BB76E9B2A0B9E6D000D9187 /* Resources */,
			);
			buildRules = (
			);
			dependencies = (
				0BB76E9F2A0B9E6D000D9187 /* PBXTargetDependency */,
			);
			name = "huggingface-ios-appTests";
			productName = "huggingface-ios-appTests";
			productReference = 0BB76E9D2A0B9E6D000D9187 /* huggingface-ios-appTests.xctest */;
			productType = "com.apple.product-type.bundle.unit-test";
		};
/* End PBXNativeTarget section */

/* Begin PBXProject section */
		0BB76E7F2A0B9E6C000D9187 /* Project object */ = {
			isa = PBXProject;
			attributes = {
				BuildIndependentTargetsInParallel = 1;
				LastSwiftUpdateCheck = 1430;
				LastUpgradeCheck = 1430;
				TargetAttributes = {
					0BB76E862A0B9E6C000D9187 = {
						CreatedOnToolsVersion = 14.3;
					};
					0BB76E9C2A0B9E6D000D9187 = {
						CreatedOnToolsVersion = 14.3;
						TestTargetID = 0BB76E862A0B9E6C000D9187;
					};
				};
			};
			buildConfigurationList = 0BB76E822A0B9E6C000D9187 /* Build configuration list for PBXProject "huggingface-ios-app" */;
			compatibilityVersion = "Xcode 14.0";
			developmentRegion = en;
			hasScannedForEncodings = 0;
			knownRegions = (
				en,
				Base,
			);
			mainGroup = 0BB76E7E2A0B9E6C000D9187;
			productRefGroup = 0BB76E882A0B9E6C000D9187 /* Products */;
			projectDirPath = "";
			projectRoot = "";
			targets = (
				0BB76E862A0B9E6C000D9187 /* huggingface-ios-app */,
				0BB76E9C2A0B9E6D000D9187 /* huggingface-ios-appTests */,
			);
		};
/* End PBXProject section */

/* Begin PBXResourcesBuildPhase section */
		0BB76E852A0B9E6C000D9187 /* Resources */ = {
			isa = PBXResourcesBuildPhase;
			buildActionMask = 2147483647;
			files = (
				0BB76E972A0B9E6D000D9187 /* LaunchScreen.storyboard in Resources */,
				0BB76E942A0B9E6D000D9187 /* Assets.xcassets in Resources */,
				0BB76EE52A0C1A80000D9187 /* distilgpt2 in Resources */,
				0BB76ECB2A0BA673000D9187 /* facebook in Resources */,
				0BB76E922A0B9E6C000D9187 /* Main.storyboard in Resources */,
			);
			runOnlyForDeploymentPostprocessing = 0;
		};
		0BB76E9B2A0B9E6D000D9187 /* Resources */ = {
			isa = PBXResourcesBuildPhase;
			buildActionMask = 2147483647;
			files = (
			);
			runOnlyForDeploymentPostprocessing = 0;
		};
/* End PBXResourcesBuildPhase section */

/* Begin PBXSourcesBuildPhase section */
		0BB76E832A0B9E6C000D9187 /* Sources */ = {
			isa = PBXSourcesBuildPhase;
			buildActionMask = 2147483647;
			files = (
				0BB76EE32A0C19B2000D9187 /* distilgpt2.mlpackage in Sources */,
				0BB76ECD2A0BA68E000D9187 /* Utils.swift in Sources */,
				0BB76EBC2A0B9F0A000D9187 /* BlenderbotTokenizer.swift in Sources */,
				0BB76E8F2A0B9E6C000D9187 /* ViewController.swift in Sources */,
				0BB76ED42A0BEDB8000D9187 /* blenderbot-400M-distill.mlpackage in Sources */,
				0BB76EE42A0C19B7000D9187 /* DistilGPT2Tokenizer.swift in Sources */,
				0BB76E8B2A0B9E6C000D9187 /* AppDelegate.swift in Sources */,
				0BB76E8D2A0B9E6C000D9187 /* SceneDelegate.swift in Sources */,
			);
			runOnlyForDeploymentPostprocessing = 0;
		};
		0BB76E992A0B9E6D000D9187 /* Sources */ = {
			isa = PBXSourcesBuildPhase;
			buildActionMask = 2147483647;
			files = (
				0BB76ED82A0BEF22000D9187 /* MLMultiArray+Utils.swift in Sources */,
				0BB76ED62A0BEDEF000D9187 /* BlenderbotTokenizerTests.swift in Sources */,
				0BB76EDA2A0C14D4000D9187 /* Math.swift in Sources */,
				0BB76EE02A0C190C000D9187 /* Distilgpt2Tests.swift in Sources */,
			);
			runOnlyForDeploymentPostprocessing = 0;
		};
/* End PBXSourcesBuildPhase section */

/* Begin PBXTargetDependency section */
		0BB76E9F2A0B9E6D000D9187 /* PBXTargetDependency */ = {
			isa = PBXTargetDependency;
			target = 0BB76E862A0B9E6C000D9187 /* huggingface-ios-app */;
			targetProxy = 0BB76E9E2A0B9E6D000D9187 /* PBXContainerItemProxy */;
		};
/* End PBXTargetDependency section */

/* Begin PBXVariantGroup section */
		0BB76E902A0B9E6C000D9187 /* Main.storyboard */ = {
			isa = PBXVariantGroup;
			children = (
				0BB76E912A0B9E6C000D9187 /* Base */,
			);
			name = Main.storyboard;
			sourceTree = "<group>";
		};
		0BB76E952A0B9E6D000D9187 /* LaunchScreen.storyboard */ = {
			isa = PBXVariantGroup;
			children = (
				0BB76E962A0B9E6D000D9187 /* Base */,
			);
			name = LaunchScreen.storyboard;
			sourceTree = "<group>";
		};
/* End PBXVariantGroup section */

/* Begin XCBuildConfiguration section */
		0BB76EAF2A0B9E6D000D9187 /* Debug */ = {
			isa = XCBuildConfiguration;
			buildSettings = {
				ALWAYS_SEARCH_USER_PATHS = NO;
				CLANG_ANALYZER_NONNULL = YES;
				CLANG_ANALYZER_NUMBER_OBJECT_CONVERSION = YES_AGGRESSIVE;
				CLANG_CXX_LANGUAGE_STANDARD = "gnu++20";
				CLANG_ENABLE_MODULES = YES;
				CLANG_ENABLE_OBJC_ARC = YES;
				CLANG_ENABLE_OBJC_WEAK = YES;
				CLANG_WARN_BLOCK_CAPTURE_AUTORELEASING = YES;
				CLANG_WARN_BOOL_CONVERSION = YES;
				CLANG_WARN_COMMA = YES;
				CLANG_WARN_CONSTANT_CONVERSION = YES;
				CLANG_WARN_DEPRECATED_OBJC_IMPLEMENTATIONS = YES;
				CLANG_WARN_DIRECT_OBJC_ISA_USAGE = YES_ERROR;
				CLANG_WARN_DOCUMENTATION_COMMENTS = YES;
				CLANG_WARN_EMPTY_BODY = YES;
				CLANG_WARN_ENUM_CONVERSION = YES;
				CLANG_WARN_INFINITE_RECURSION = YES;
				CLANG_WARN_INT_CONVERSION = YES;
				CLANG_WARN_NON_LITERAL_NULL_CONVERSION = YES;
				CLANG_WARN_OBJC_IMPLICIT_RETAIN_SELF = YES;
				CLANG_WARN_OBJC_LITERAL_CONVERSION = YES;
				CLANG_WARN_OBJC_ROOT_CLASS = YES_ERROR;
				CLANG_WARN_QUOTED_INCLUDE_IN_FRAMEWORK_HEADER = YES;
				CLANG_WARN_RANGE_LOOP_ANALYSIS = YES;
				CLANG_WARN_STRICT_PROTOTYPES = YES;
				CLANG_WARN_SUSPICIOUS_MOVE = YES;
				CLANG_WARN_UNGUARDED_AVAILABILITY = YES_AGGRESSIVE;
				CLANG_WARN_UNREACHABLE_CODE = YES;
				CLANG_WARN__DUPLICATE_METHOD_MATCH = YES;
				COPY_PHASE_STRIP = NO;
				DEBUG_INFORMATION_FORMAT = dwarf;
				ENABLE_STRICT_OBJC_MSGSEND = YES;
				ENABLE_TESTABILITY = YES;
				GCC_C_LANGUAGE_STANDARD = gnu11;
				GCC_DYNAMIC_NO_PIC = NO;
				GCC_NO_COMMON_BLOCKS = YES;
				GCC_OPTIMIZATION_LEVEL = 0;
				GCC_PREPROCESSOR_DEFINITIONS = (
					"DEBUG=1",
					"$(inherited)",
				);
				GCC_WARN_64_TO_32_BIT_CONVERSION = YES;
				GCC_WARN_ABOUT_RETURN_TYPE = YES_ERROR;
				GCC_WARN_UNDECLARED_SELECTOR = YES;
				GCC_WARN_UNINITIALIZED_AUTOS = YES_AGGRESSIVE;
				GCC_WARN_UNUSED_FUNCTION = YES;
				GCC_WARN_UNUSED_VARIABLE = YES;
				IPHONEOS_DEPLOYMENT_TARGET = 16.4;
				MTL_ENABLE_DEBUG_INFO = INCLUDE_SOURCE;
				MTL_FAST_MATH = YES;
				ONLY_ACTIVE_ARCH = YES;
				SDKROOT = iphoneos;
				SWIFT_ACTIVE_COMPILATION_CONDITIONS = DEBUG;
				SWIFT_OPTIMIZATION_LEVEL = "-Onone";
			};
			name = Debug;
		};
		0BB76EB02A0B9E6D000D9187 /* Release */ = {
			isa = XCBuildConfiguration;
			buildSettings = {
				ALWAYS_SEARCH_USER_PATHS = NO;
				CLANG_ANALYZER_NONNULL = YES;
				CLANG_ANALYZER_NUMBER_OBJECT_CONVERSION = YES_AGGRESSIVE;
				CLANG_CXX_LANGUAGE_STANDARD = "gnu++20";
				CLANG_ENABLE_MODULES = YES;
				CLANG_ENABLE_OBJC_ARC = YES;
				CLANG_ENABLE_OBJC_WEAK = YES;
				CLANG_WARN_BLOCK_CAPTURE_AUTORELEASING = YES;
				CLANG_WARN_BOOL_CONVERSION = YES;
				CLANG_WARN_COMMA = YES;
				CLANG_WARN_CONSTANT_CONVERSION = YES;
				CLANG_WARN_DEPRECATED_OBJC_IMPLEMENTATIONS = YES;
				CLANG_WARN_DIRECT_OBJC_ISA_USAGE = YES_ERROR;
				CLANG_WARN_DOCUMENTATION_COMMENTS = YES;
				CLANG_WARN_EMPTY_BODY = YES;
				CLANG_WARN_ENUM_CONVERSION = YES;
				CLANG_WARN_INFINITE_RECURSION = YES;
				CLANG_WARN_INT_CONVERSION = YES;
				CLANG_WARN_NON_LITERAL_NULL_CONVERSION = YES;
				CLANG_WARN_OBJC_IMPLICIT_RETAIN_SELF = YES;
				CLANG_WARN_OBJC_LITERAL_CONVERSION = YES;
				CLANG_WARN_OBJC_ROOT_CLASS = YES_ERROR;
				CLANG_WARN_QUOTED_INCLUDE_IN_FRAMEWORK_HEADER = YES;
				CLANG_WARN_RANGE_LOOP_ANALYSIS = YES;
				CLANG_WARN_STRICT_PROTOTYPES = YES;
				CLANG_WARN_SUSPICIOUS_MOVE = YES;
				CLANG_WARN_UNGUARDED_AVAILABILITY = YES_AGGRESSIVE;
				CLANG_WARN_UNREACHABLE_CODE = YES;
				CLANG_WARN__DUPLICATE_METHOD_MATCH = YES;
				COPY_PHASE_STRIP = NO;
				DEBUG_INFORMATION_FORMAT = "dwarf-with-dsym";
				ENABLE_NS_ASSERTIONS = NO;
				ENABLE_STRICT_OBJC_MSGSEND = YES;
				GCC_C_LANGUAGE_STANDARD = gnu11;
				GCC_NO_COMMON_BLOCKS = YES;
				GCC_WARN_64_TO_32_BIT_CONVERSION = YES;
				GCC_WARN_ABOUT_RETURN_TYPE = YES_ERROR;
				GCC_WARN_UNDECLARED_SELECTOR = YES;
				GCC_WARN_UNINITIALIZED_AUTOS = YES_AGGRESSIVE;
				GCC_WARN_UNUSED_FUNCTION = YES;
				GCC_WARN_UNUSED_VARIABLE = YES;
				IPHONEOS_DEPLOYMENT_TARGET = 16.4;
				MTL_ENABLE_DEBUG_INFO = NO;
				MTL_FAST_MATH = YES;
				SDKROOT = iphoneos;
				SWIFT_COMPILATION_MODE = wholemodule;
				SWIFT_OPTIMIZATION_LEVEL = "-O";
				VALIDATE_PRODUCT = YES;
			};
			name = Release;
		};
		0BB76EB22A0B9E6D000D9187 /* Debug */ = {
			isa = XCBuildConfiguration;
			buildSettings = {
				ASSETCATALOG_COMPILER_APPICON_NAME = AppIcon;
				ASSETCATALOG_COMPILER_GLOBAL_ACCENT_COLOR_NAME = AccentColor;
				CODE_SIGN_STYLE = Automatic;
				CURRENT_PROJECT_VERSION = 1;
				DEVELOPMENT_TEAM = TW65EXAM4U;
				GENERATE_INFOPLIST_FILE = YES;
				INFOPLIST_FILE = "huggingface-ios-app/Info.plist";
				INFOPLIST_KEY_UIApplicationSupportsIndirectInputEvents = YES;
				INFOPLIST_KEY_UILaunchStoryboardName = LaunchScreen;
				INFOPLIST_KEY_UIMainStoryboardFile = Main;
				INFOPLIST_KEY_UISupportedInterfaceOrientations_iPad = "UIInterfaceOrientationPortrait UIInterfaceOrientationPortraitUpsideDown UIInterfaceOrientationLandscapeLeft UIInterfaceOrientationLandscapeRight";
				INFOPLIST_KEY_UISupportedInterfaceOrientations_iPhone = "UIInterfaceOrientationPortrait UIInterfaceOrientationLandscapeLeft UIInterfaceOrientationLandscapeRight";
				LD_RUNPATH_SEARCH_PATHS = (
					"$(inherited)",
					"@executable_path/Frameworks",
				);
				MARKETING_VERSION = 1.0;
				PRODUCT_BUNDLE_IDENTIFIER = "org.veladan.huggingface-ios-app";
				PRODUCT_NAME = "$(TARGET_NAME)";
				SWIFT_EMIT_LOC_STRINGS = YES;
				SWIFT_VERSION = 5.0;
				TARGETED_DEVICE_FAMILY = "1,2";
			};
			name = Debug;
		};
		0BB76EB32A0B9E6D000D9187 /* Release */ = {
			isa = XCBuildConfiguration;
			buildSettings = {
				ASSETCATALOG_COMPILER_APPICON_NAME = AppIcon;
				ASSETCATALOG_COMPILER_GLOBAL_ACCENT_COLOR_NAME = AccentColor;
				CODE_SIGN_STYLE = Automatic;
				CURRENT_PROJECT_VERSION = 1;
				DEVELOPMENT_TEAM = TW65EXAM4U;
				GENERATE_INFOPLIST_FILE = YES;
				INFOPLIST_FILE = "huggingface-ios-app/Info.plist";
				INFOPLIST_KEY_UIApplicationSupportsIndirectInputEvents = YES;
				INFOPLIST_KEY_UILaunchStoryboardName = LaunchScreen;
				INFOPLIST_KEY_UIMainStoryboardFile = Main;
				INFOPLIST_KEY_UISupportedInterfaceOrientations_iPad = "UIInterfaceOrientationPortrait UIInterfaceOrientationPortraitUpsideDown UIInterfaceOrientationLandscapeLeft UIInterfaceOrientationLandscapeRight";
				INFOPLIST_KEY_UISupportedInterfaceOrientations_iPhone = "UIInterfaceOrientationPortrait UIInterfaceOrientationLandscapeLeft UIInterfaceOrientationLandscapeRight";
				LD_RUNPATH_SEARCH_PATHS = (
					"$(inherited)",
					"@executable_path/Frameworks",
				);
				MARKETING_VERSION = 1.0;
				PRODUCT_BUNDLE_IDENTIFIER = "org.veladan.huggingface-ios-app";
				PRODUCT_NAME = "$(TARGET_NAME)";
				SWIFT_EMIT_LOC_STRINGS = YES;
				SWIFT_VERSION = 5.0;
				TARGETED_DEVICE_FAMILY = "1,2";
			};
			name = Release;
		};
		0BB76EB52A0B9E6D000D9187 /* Debug */ = {
			isa = XCBuildConfiguration;
			buildSettings = {
				ALWAYS_EMBED_SWIFT_STANDARD_LIBRARIES = YES;
				BUNDLE_LOADER = "$(TEST_HOST)";
				CODE_SIGN_STYLE = Automatic;
				CURRENT_PROJECT_VERSION = 1;
				DEVELOPMENT_TEAM = TW65EXAM4U;
				GENERATE_INFOPLIST_FILE = YES;
				IPHONEOS_DEPLOYMENT_TARGET = 16.4;
				MARKETING_VERSION = 1.0;
				PRODUCT_BUNDLE_IDENTIFIER = "org.veladan.huggingface-ios-appTests";
				PRODUCT_NAME = "$(TARGET_NAME)";
				SWIFT_EMIT_LOC_STRINGS = NO;
				SWIFT_VERSION = 5.0;
				TARGETED_DEVICE_FAMILY = "1,2";
				TEST_HOST = "$(BUILT_PRODUCTS_DIR)/huggingface-ios-app.app/$(BUNDLE_EXECUTABLE_FOLDER_PATH)/huggingface-ios-app";
			};
			name = Debug;
		};
		0BB76EB62A0B9E6D000D9187 /* Release */ = {
			isa = XCBuildConfiguration;
			buildSettings = {
				ALWAYS_EMBED_SWIFT_STANDARD_LIBRARIES = YES;
				BUNDLE_LOADER = "$(TEST_HOST)";
				CODE_SIGN_STYLE = Automatic;
				CURRENT_PROJECT_VERSION = 1;
				DEVELOPMENT_TEAM = TW65EXAM4U;
				GENERATE_INFOPLIST_FILE = YES;
				IPHONEOS_DEPLOYMENT_TARGET = 16.4;
				MARKETING_VERSION = 1.0;
				PRODUCT_BUNDLE_IDENTIFIER = "org.veladan.huggingface-ios-appTests";
				PRODUCT_NAME = "$(TARGET_NAME)";
				SWIFT_EMIT_LOC_STRINGS = NO;
				SWIFT_VERSION = 5.0;
				TARGETED_DEVICE_FAMILY = "1,2";
				TEST_HOST = "$(BUILT_PRODUCTS_DIR)/huggingface-ios-app.app/$(BUNDLE_EXECUTABLE_FOLDER_PATH)/huggingface-ios-app";
			};
			name = Release;
		};
/* End XCBuildConfiguration section */

/* Begin XCConfigurationList section */
		0BB76E822A0B9E6C000D9187 /* Build configuration list for PBXProject "huggingface-ios-app" */ = {
			isa = XCConfigurationList;
			buildConfigurations = (
				0BB76EAF2A0B9E6D000D9187 /* Debug */,
				0BB76EB02A0B9E6D000D9187 /* Release */,
			);
			defaultConfigurationIsVisible = 0;
			defaultConfigurationName = Release;
		};
		0BB76EB12A0B9E6D000D9187 /* Build configuration list for PBXNativeTarget "huggingface-ios-app" */ = {
			isa = XCConfigurationList;
			buildConfigurations = (
				0BB76EB22A0B9E6D000D9187 /* Debug */,
				0BB76EB32A0B9E6D000D9187 /* Release */,
			);
			defaultConfigurationIsVisible = 0;
			defaultConfigurationName = Release;
		};
		0BB76EB42A0B9E6D000D9187 /* Build configuration list for PBXNativeTarget "huggingface-ios-appTests" */ = {
			isa = XCConfigurationList;
			buildConfigurations = (
				0BB76EB52A0B9E6D000D9187 /* Debug */,
				0BB76EB62A0B9E6D000D9187 /* Release */,
			);
			defaultConfigurationIsVisible = 0;
			defaultConfigurationName = Release;
		};
/* End XCConfigurationList section */
	};
	rootObject = 0BB76E7F2A0B9E6C000D9187 /* Project object */;
}
